
Microsoft Visual Studio Solution File, Format Version 12.00
# Visual Studio Version 17
VisualStudioVersion = 17.4.33103.184
MinimumVisualStudioVersion = 10.0.40219.1
Project("{FAE04EC0-301F-11D3-BF4B-00C04F79EFBC}") = "2D-Tables", "2D-Tables\2D-Tables.csproj", "{56D82CBD-9B7D-4C04-A352-729F982B63CA}"
EndProject
Global
	GlobalSection(SolutionConfigurationPlatforms) = preSolution
		Debug|Any CPU = Debug|Any CPU
		Release|Any CPU = Release|Any CPU
	EndGlobalSection
	GlobalSection(ProjectConfigurationPlatforms) = postSolution
		{56D82CBD-9B7D-4C04-A352-729F982B63CA}.Debug|Any CPU.ActiveCfg = Debug|Any CPU
		{56D82CBD-9B7D-4C04-A352-729F982B63CA}.Debug|Any CPU.Build.0 = Debug|Any CPU
		{56D82CBD-9B7D-4C04-A352-729F982B63CA}.Release|Any CPU.ActiveCfg = Release|Any CPU
		{56D82CBD-9B7D-4C04-A352-729F982B63CA}.Release|Any CPU.Build.0 = Release|Any CPU
	EndGlobalSection
	GlobalSection(SolutionProperties) = preSolution
		HideSolutionNode = FALSE
	EndGlobalSection
	GlobalSection(ExtensibilityGlobals) = postSolution
		SolutionGuid = {90E9FAC7-C77A-4C17-8640-E6EAC44B541B}
	EndGlobalSection
EndGlobal
